{
  "name": "semana-07-classes-de-excecao-sistema-de-registro",
  "version": "1.0.0",
  "lockfileVersion": 3,
  "requires": true,
  "packages": {
    "": {
      "name": "semana-07-classes-de-excecao-sistema-de-registro",
      "version": "1.0.0",
      "license": "ISC",
      "engines": {
        "node": ">=18"
      }
    }
  }
}
